// !$*UTF8*$!
{
	archiveVersion = 1;
	classes = {
	};
	objectVersion = 56;
	objects = {

/* Begin PBXBuildFile section */
		53C124752C65BC06008FAD7D /* Spotify_DemoApp.swift in Sources */ = {isa = PBXBuildFile; fileRef = 53C124742C65BC06008FAD7D /* Spotify_DemoApp.swift */; };
		53C124772C65BC06008FAD7D /* ContentView.swift in Sources */ = {isa = PBXBuildFile; fileRef = 53C124762C65BC06008FAD7D /* ContentView.swift */; };
		53C124792C65BC07008FAD7D /* Assets.xcassets in Resources */ = {isa = PBXBuildFile; fileRef = 53C124782C65BC07008FAD7D /* Assets.xcassets */; };
		53C1247C2C65BC07008FAD7D /* Preview Assets.xcassets in Resources */ = {isa = PBXBuildFile; fileRef = 53C1247B2C65BC07008FAD7D /* Preview Assets.xcassets */; };
		53C124862C65BC07008FAD7D /* Spotify_DemoTests.swift in Sources */ = {isa = PBXBuildFile; fileRef = 53C124852C65BC07008FAD7D /* Spotify_DemoTests.swift */; };
		53C124902C65BC07008FAD7D /* Spotify_DemoUITests.swift in Sources */ = {isa = PBXBuildFile; fileRef = 53C1248F2C65BC07008FAD7D /* Spotify_DemoUITests.swift */; };
		53C124922C65BC07008FAD7D /* Spotify_DemoUITestsLaunchTests.swift in Sources */ = {isa = PBXBuildFile; fileRef = 53C124912C65BC07008FAD7D /* Spotify_DemoUITestsLaunchTests.swift */; };
		53C124A02C65C024008FAD7D /* SDWebImageSwiftUI in Frameworks */ = {isa = PBXBuildFile; productRef = 53C1249F2C65C024008FAD7D /* SDWebImageSwiftUI */; };
		53C124A32C65C03E008FAD7D /* ImageLoaderView.swift in Sources */ = {isa = PBXBuildFile; fileRef = 53C124A22C65C03E008FAD7D /* ImageLoaderView.swift */; };
		53C124A52C65C0F8008FAD7D /* Constants.swift in Sources */ = {isa = PBXBuildFile; fileRef = 53C124A42C65C0F8008FAD7D /* Constants.swift */; };
		53C124A72C65C5C4008FAD7D /* DatabaseHelper.swift in Sources */ = {isa = PBXBuildFile; fileRef = 53C124A62C65C5C4008FAD7D /* DatabaseHelper.swift */; };
		53C124A92C65CFEC008FAD7D /* User.swift in Sources */ = {isa = PBXBuildFile; fileRef = 53C124A82C65CFEC008FAD7D /* User.swift */; };
		53C124AB2C65CFF3008FAD7D /* Product.swift in Sources */ = {isa = PBXBuildFile; fileRef = 53C124AA2C65CFF3008FAD7D /* Product.swift */; };
/* End PBXBuildFile section */

/* Begin PBXContainerItemProxy section */
		53C124822C65BC07008FAD7D /* PBXContainerItemProxy */ = {
			isa = PBXContainerItemProxy;
			containerPortal = 53C124692C65BC06008FAD7D /* Project object */;
			proxyType = 1;
			remoteGlobalIDString = 53C124702C65BC06008FAD7D;
			remoteInfo = Spotify_Demo;
		};
		53C1248C2C65BC07008FAD7D /* PBXContainerItemProxy */ = {
			isa = PBXContainerItemProxy;
			containerPortal = 53C124692C65BC06008FAD7D /* Project object */;
			proxyType = 1;
			remoteGlobalIDString = 53C124702C65BC06008FAD7D;
			remoteInfo = Spotify_Demo;
		};
/* End PBXContainerItemProxy section */

/* Begin PBXFileReference section */
		53C124712C65BC06008FAD7D /* Spotify_Demo.app */ = {isa = PBXFileReference; explicitFileType = wrapper.application; includeInIndex = 0; path = Spotify_Demo.app; sourceTree = BUILT_PRODUCTS_DIR; };
		53C124742C65BC06008FAD7D /* Spotify_DemoApp.swift */ = {isa = PBXFileReference; lastKnownFileType = sourcecode.swift; path = Spotify_DemoApp.swift; sourceTree = "<group>"; };
		53C124762C65BC06008FAD7D /* ContentView.swift */ = {isa = PBXFileReference; lastKnownFileType = sourcecode.swift; path = ContentView.swift; sourceTree = "<group>"; };
		53C124782C65BC07008FAD7D /* Assets.xcassets */ = {isa = PBXFileReference; lastKnownFileType = folder.assetcatalog; path = Assets.xcassets; sourceTree = "<group>"; };
		53C1247B2C65BC07008FAD7D /* Preview Assets.xcassets */ = {isa = PBXFileReference; lastKnownFileType = folder.assetcatalog; path = "Preview Assets.xcassets"; sourceTree = "<group>"; };
		53C124812C65BC07008FAD7D /* Spotify_DemoTests.xctest */ = {isa = PBXFileReference; explicitFileType = wrapper.cfbundle; includeInIndex = 0; path = Spotify_DemoTests.xctest; sourceTree = BUILT_PRODUCTS_DIR; };
		53C124852C65BC07008FAD7D /* Spotify_DemoTests.swift */ = {isa = PBXFileReference; lastKnownFileType = sourcecode.swift; path = Spotify_DemoTests.swift; sourceTree = "<group>"; };
		53C1248B2C65BC07008FAD7D /* Spotify_DemoUITests.xctest */ = {isa = PBXFileReference; explicitFileType = wrapper.cfbundle; includeInIndex = 0; path = Spotify_DemoUITests.xctest; sourceTree = BUILT_PRODUCTS_DIR; };
		53C1248F2C65BC07008FAD7D /* Spotify_DemoUITests.swift */ = {isa = PBXFileReference; lastKnownFileType = sourcecode.swift; path = Spotify_DemoUITests.swift; sourceTree = "<group>"; };
		53C124912C65BC07008FAD7D /* Spotify_DemoUITestsLaunchTests.swift */ = {isa = PBXFileReference; lastKnownFileType = sourcecode.swift; path = Spotify_DemoUITestsLaunchTests.swift; sourceTree = "<group>"; };
		53C124A22C65C03E008FAD7D /* ImageLoaderView.swift */ = {isa = PBXFileReference; lastKnownFileType = sourcecode.swift; path = ImageLoaderView.swift; sourceTree = "<group>"; };
		53C124A42C65C0F8008FAD7D /* Constants.swift */ = {isa = PBXFileReference; lastKnownFileType = sourcecode.swift; path = Constants.swift; sourceTree = "<group>"; };
		53C124A62C65C5C4008FAD7D /* DatabaseHelper.swift */ = {isa = PBXFileReference; lastKnownFileType = sourcecode.swift; path = DatabaseHelper.swift; sourceTree = "<group>"; };
		53C124A82C65CFEC008FAD7D /* User.swift */ = {isa = PBXFileReference; lastKnownFileType = sourcecode.swift; path = User.swift; sourceTree = "<group>"; };
		53C124AA2C65CFF3008FAD7D /* Product.swift */ = {isa = PBXFileReference; lastKnownFileType = sourcecode.swift; path = Product.swift; sourceTree = "<group>"; };
/* End PBXFileReference section */

/* Begin PBXFrameworksBuildPhase section */
		53C1246E2C65BC06008FAD7D /* Frameworks */ = {
			isa = PBXFrameworksBuildPhase;
			buildActionMask = 2147483647;
			files = (
				53C124A02C65C024008FAD7D /* SDWebImageSwiftUI in Frameworks */,
			);
			runOnlyForDeploymentPostprocessing = 0;
		};
		53C1247E2C65BC07008FAD7D /* Frameworks */ = {
			isa = PBXFrameworksBuildPhase;
			buildActionMask = 2147483647;
			files = (
			);
			runOnlyForDeploymentPostprocessing = 0;
		};
		53C124882C65BC07008FAD7D /* Frameworks */ = {
			isa = PBXFrameworksBuildPhase;
			buildActionMask = 2147483647;
			files = (
			);
			runOnlyForDeploymentPostprocessing = 0;
		};
/* End PBXFrameworksBuildPhase section */

/* Begin PBXGroup section */
		53C124682C65BC06008FAD7D = {
			isa = PBXGroup;
			children = (
				53C124732C65BC06008FAD7D /* Spotify_Demo */,
				53C124842C65BC07008FAD7D /* Spotify_DemoTests */,
				53C1248E2C65BC07008FAD7D /* Spotify_DemoUITests */,
				53C124722C65BC06008FAD7D /* Products */,
			);
			sourceTree = "<group>";
		};
		53C124722C65BC06008FAD7D /* Products */ = {
			isa = PBXGroup;
			children = (
				53C124712C65BC06008FAD7D /* Spotify_Demo.app */,
				53C124812C65BC07008FAD7D /* Spotify_DemoTests.xctest */,
				53C1248B2C65BC07008FAD7D /* Spotify_DemoUITests.xctest */,
			);
			name = Products;
			sourceTree = "<group>";
		};
		53C124732C65BC06008FAD7D /* Spotify_Demo */ = {
			isa = PBXGroup;
			children = (
				53C124A12C65C02C008FAD7D /* Shared */,
				53C124742C65BC06008FAD7D /* Spotify_DemoApp.swift */,
				53C124762C65BC06008FAD7D /* ContentView.swift */,
				53C124782C65BC07008FAD7D /* Assets.xcassets */,
				53C1247A2C65BC07008FAD7D /* Preview Content */,
			);
			path = Spotify_Demo;
			sourceTree = "<group>";
		};
		53C1247A2C65BC07008FAD7D /* Preview Content */ = {
			isa = PBXGroup;
			children = (
				53C1247B2C65BC07008FAD7D /* Preview Assets.xcassets */,
			);
			path = "Preview Content";
			sourceTree = "<group>";
		};
		53C124842C65BC07008FAD7D /* Spotify_DemoTests */ = {
			isa = PBXGroup;
			children = (
				53C124852C65BC07008FAD7D /* Spotify_DemoTests.swift */,
			);
			path = Spotify_DemoTests;
			sourceTree = "<group>";
		};
		53C1248E2C65BC07008FAD7D /* Spotify_DemoUITests */ = {
			isa = PBXGroup;
			children = (
				53C1248F2C65BC07008FAD7D /* Spotify_DemoUITests.swift */,
				53C124912C65BC07008FAD7D /* Spotify_DemoUITestsLaunchTests.swift */,
			);
			path = Spotify_DemoUITests;
			sourceTree = "<group>";
		};
		53C124A12C65C02C008FAD7D /* Shared */ = {
			isa = PBXGroup;
			children = (
				53C124A22C65C03E008FAD7D /* ImageLoaderView.swift */,
				53C124A42C65C0F8008FAD7D /* Constants.swift */,
				53C124A62C65C5C4008FAD7D /* DatabaseHelper.swift */,
				53C124A82C65CFEC008FAD7D /* User.swift */,
				53C124AA2C65CFF3008FAD7D /* Product.swift */,
			);
			path = Shared;
			sourceTree = "<group>";
		};
/* End PBXGroup section */

/* Begin PBXNativeTarget section */
		53C124702C65BC06008FAD7D /* Spotify_Demo */ = {
			isa = PBXNativeTarget;
			buildConfigurationList = 53C124952C65BC07008FAD7D /* Build configuration list for PBXNativeTarget "Spotify_Demo" */;
			buildPhases = (
				53C1246D2C65BC06008FAD7D /* Sources */,
				53C1246E2C65BC06008FAD7D /* Frameworks */,
				53C1246F2C65BC06008FAD7D /* Resources */,
			);
			buildRules = (
			);
			dependencies = (
			);
			name = Spotify_Demo;
			packageProductDependencies = (
				53C1249F2C65C024008FAD7D /* SDWebImageSwiftUI */,
			);
			productName = Spotify_Demo;
			productReference = 53C124712C65BC06008FAD7D /* Spotify_Demo.app */;
			productType = "com.apple.product-type.application";
		};
		53C124802C65BC07008FAD7D /* Spotify_DemoTests */ = {
			isa = PBXNativeTarget;
			buildConfigurationList = 53C124982C65BC07008FAD7D /* Build configuration list for PBXNativeTarget "Spotify_DemoTests" */;
			buildPhases = (
				53C1247D2C65BC07008FAD7D /* Sources */,
				53C1247E2C65BC07008FAD7D /* Frameworks */,
				53C1247F2C65BC07008FAD7D /* Resources */,
			);
			buildRules = (
			);
			dependencies = (
				53C124832C65BC07008FAD7D /* PBXTargetDependency */,
			);
			name = Spotify_DemoTests;
			productName = Spotify_DemoTests;
			productReference = 53C124812C65BC07008FAD7D /* Spotify_DemoTests.xctest */;
			productType = "com.apple.product-type.bundle.unit-test";
		};
		53C1248A2C65BC07008FAD7D /* Spotify_DemoUITests */ = {
			isa = PBXNativeTarget;
			buildConfigurationList = 53C1249B2C65BC07008FAD7D /* Build configuration list for PBXNativeTarget "Spotify_DemoUITests" */;
			buildPhases = (
				53C124872C65BC07008FAD7D /* Sources */,
				53C124882C65BC07008FAD7D /* Frameworks */,
				53C124892C65BC07008FAD7D /* Resources */,
			);
			buildRules = (
			);
			dependencies = (
				53C1248D2C65BC07008FAD7D /* PBXTargetDependency */,
			);
			name = Spotify_DemoUITests;
			productName = Spotify_DemoUITests;
			productReference = 53C1248B2C65BC07008FAD7D /* Spotify_DemoUITests.xctest */;
			productType = "com.apple.product-type.bundle.ui-testing";
		};
/* End PBXNativeTarget section */

/* Begin PBXProject section */
		53C124692C65BC06008FAD7D /* Project object */ = {
			isa = PBXProject;
			attributes = {
				BuildIndependentTargetsInParallel = 1;
				LastSwiftUpdateCheck = 1500;
				LastUpgradeCheck = 1500;
				TargetAttributes = {
					53C124702C65BC06008FAD7D = {
						CreatedOnToolsVersion = 15.0.1;
					};
					53C124802C65BC07008FAD7D = {
						CreatedOnToolsVersion = 15.0.1;
						TestTargetID = 53C124702C65BC06008FAD7D;
					};
					53C1248A2C65BC07008FAD7D = {
						CreatedOnToolsVersion = 15.0.1;
						TestTargetID = 53C124702C65BC06008FAD7D;
					};
				};
			};
			buildConfigurationList = 53C1246C2C65BC06008FAD7D /* Build configuration list for PBXProject "Spotify_Demo" */;
			compatibilityVersion = "Xcode 14.0";
			developmentRegion = en;
			hasScannedForEncodings = 0;
			knownRegions = (
				en,
				Base,
			);
			mainGroup = 53C124682C65BC06008FAD7D;
			packageReferences = (
				53C1249E2C65C024008FAD7D /* XCRemoteSwiftPackageReference "SDWebImageSwiftUI" */,
			);
			productRefGroup = 53C124722C65BC06008FAD7D /* Products */;
			projectDirPath = "";
			projectRoot = "";
			targets = (
				53C124702C65BC06008FAD7D /* Spotify_Demo */,
				53C124802C65BC07008FAD7D /* Spotify_DemoTests */,
				53C1248A2C65BC07008FAD7D /* Spotify_DemoUITests */,
			);
		};
/* End PBXProject section */

/* Begin PBXResourcesBuildPhase section */
		53C1246F2C65BC06008FAD7D /* Resources */ = {
			isa = PBXResourcesBuildPhase;
			buildActionMask = 2147483647;
			files = (
				53C1247C2C65BC07008FAD7D /* Preview Assets.xcassets in Resources */,
				53C124792C65BC07008FAD7D /* Assets.xcassets in Resources */,
			);
			runOnlyForDeploymentPostprocessing = 0;
		};
		53C1247F2C65BC07008FAD7D /* Resources */ = {
			isa = PBXResourcesBuildPhase;
			buildActionMask = 2147483647;
			files = (
			);
			runOnlyForDeploymentPostprocessing = 0;
		};
		53C124892C65BC07008FAD7D /* Resources */ = {
			isa = PBXResourcesBuildPhase;
			buildActionMask = 2147483647;
			files = (
			);
			runOnlyForDeploymentPostprocessing = 0;
		};
/* End PBXResourcesBuildPhase section */

/* Begin PBXSourcesBuildPhase section */
		53C1246D2C65BC06008FAD7D /* Sources */ = {
			isa = PBXSourcesBuildPhase;
			buildActionMask = 2147483647;
			files = (
				53C124A32C65C03E008FAD7D /* ImageLoaderView.swift in Sources */,
				53C124A72C65C5C4008FAD7D /* DatabaseHelper.swift in Sources */,
				53C124A92C65CFEC008FAD7D /* User.swift in Sources */,
				53C124772C65BC06008FAD7D /* ContentView.swift in Sources */,
				53C124752C65BC06008FAD7D /* Spotify_DemoApp.swift in Sources */,
				53C124A52C65C0F8008FAD7D /* Constants.swift in Sources */,
				53C124AB2C65CFF3008FAD7D /* Product.swift in Sources */,
			);
			runOnlyForDeploymentPostprocessing = 0;
		};
		53C1247D2C65BC07008FAD7D /* Sources */ = {
			isa = PBXSourcesBuildPhase;
			buildActionMask = 2147483647;
			files = (
				53C124862C65BC07008FAD7D /* Spotify_DemoTests.swift in Sources */,
			);
			runOnlyForDeploymentPostprocessing = 0;
		};
		53C124872C65BC07008FAD7D /* Sources */ = {
			isa = PBXSourcesBuildPhase;
			buildActionMask = 2147483647;
			files = (
				53C124922C65BC07008FAD7D /* Spotify_DemoUITestsLaunchTests.swift in Sources */,
				53C124902C65BC07008FAD7D /* Spotify_DemoUITests.swift in Sources */,
			);
			runOnlyForDeploymentPostprocessing = 0;
		};
/* End PBXSourcesBuildPhase section */

/* Begin PBXTargetDependency section */
		53C124832C65BC07008FAD7D /* PBXTargetDependency */ = {
			isa = PBXTargetDependency;
			target = 53C124702C65BC06008FAD7D /* Spotify_Demo */;
			targetProxy = 53C124822C65BC07008FAD7D /* PBXContainerItemProxy */;
		};
		53C1248D2C65BC07008FAD7D /* PBXTargetDependency */ = {
			isa = PBXTargetDependency;
			target = 53C124702C65BC06008FAD7D /* Spotify_Demo */;
			targetProxy = 53C1248C2C65BC07008FAD7D /* PBXContainerItemProxy */;
		};
/* End PBXTargetDependency section */

/* Begin XCBuildConfiguration section */
		53C124932C65BC07008FAD7D /* Debug */ = {
			isa = XCBuildConfiguration;
			buildSettings = {
				ALWAYS_SEARCH_USER_PATHS = NO;
				ASSETCATALOG_COMPILER_GENERATE_SWIFT_ASSET_SYMBOL_EXTENSIONS = YES;
				CLANG_ANALYZER_NONNULL = YES;
				CLANG_ANALYZER_NUMBER_OBJECT_CONVERSION = YES_AGGRESSIVE;
				CLANG_CXX_LANGUAGE_STANDARD = "gnu++20";
				CLANG_ENABLE_MODULES = YES;
				CLANG_ENABLE_OBJC_ARC = YES;
				CLANG_ENABLE_OBJC_WEAK = YES;
				CLANG_WARN_BLOCK_CAPTURE_AUTORELEASING = YES;
				CLANG_WARN_BOOL_CONVERSION = YES;
				CLANG_WARN_COMMA = YES;
				CLANG_WARN_CONSTANT_CONVERSION = YES;
				CLANG_WARN_DEPRECATED_OBJC_IMPLEMENTATIONS = YES;
				CLANG_WARN_DIRECT_OBJC_ISA_USAGE = YES_ERROR;
				CLANG_WARN_DOCUMENTATION_COMMENTS = YES;
				CLANG_WARN_EMPTY_BODY = YES;
				CLANG_WARN_ENUM_CONVERSION = YES;
				CLANG_WARN_INFINITE_RECURSION = YES;
				CLANG_WARN_INT_CONVERSION = YES;
				CLANG_WARN_NON_LITERAL_NULL_CONVERSION = YES;
				CLANG_WARN_OBJC_IMPLICIT_RETAIN_SELF = YES;
				CLANG_WARN_OBJC_LITERAL_CONVERSION = YES;
				CLANG_WARN_OBJC_ROOT_CLASS = YES_ERROR;
				CLANG_WARN_QUOTED_INCLUDE_IN_FRAMEWORK_HEADER = YES;
				CLANG_WARN_RANGE_LOOP_ANALYSIS = YES;
				CLANG_WARN_STRICT_PROTOTYPES = YES;
				CLANG_WARN_SUSPICIOUS_MOVE = YES;
				CLANG_WARN_UNGUARDED_AVAILABILITY = YES_AGGRESSIVE;
				CLANG_WARN_UNREACHABLE_CODE = YES;
				CLANG_WARN__DUPLICATE_METHOD_MATCH = YES;
				COPY_PHASE_STRIP = NO;
				DEBUG_INFORMATION_FORMAT = dwarf;
				ENABLE_STRICT_OBJC_MSGSEND = YES;
				ENABLE_TESTABILITY = YES;
				ENABLE_USER_SCRIPT_SANDBOXING = YES;
				GCC_C_LANGUAGE_STANDARD = gnu17;
				GCC_DYNAMIC_NO_PIC = NO;
				GCC_NO_COMMON_BLOCKS = YES;
				GCC_OPTIMIZATION_LEVEL = 0;
				GCC_PREPROCESSOR_DEFINITIONS = (
					"DEBUG=1",
					"$(inherited)",
				);
				GCC_WARN_64_TO_32_BIT_CONVERSION = YES;
				GCC_WARN_ABOUT_RETURN_TYPE = YES_ERROR;
				GCC_WARN_UNDECLARED_SELECTOR = YES;
				GCC_WARN_UNINITIALIZED_AUTOS = YES_AGGRESSIVE;
				GCC_WARN_UNUSED_FUNCTION = YES;
				GCC_WARN_UNUSED_VARIABLE = YES;
				IPHONEOS_DEPLOYMENT_TARGET = 17.0;
				LOCALIZATION_PREFERS_STRING_CATALOGS = YES;
				MTL_ENABLE_DEBUG_INFO = INCLUDE_SOURCE;
				MTL_FAST_MATH = YES;
				ONLY_ACTIVE_ARCH = YES;
				SDKROOT = iphoneos;
				SWIFT_ACTIVE_COMPILATION_CONDITIONS = "DEBUG $(inherited)";
				SWIFT_OPTIMIZATION_LEVEL = "-Onone";
			};
			name = Debug;
		};
		53C124942C65BC07008FAD7D /* Release */ = {
			isa = XCBuildConfiguration;
			buildSettings = {
				ALWAYS_SEARCH_USER_PATHS = NO;
				ASSETCATALOG_COMPILER_GENERATE_SWIFT_ASSET_SYMBOL_EXTENSIONS = YES;
				CLANG_ANALYZER_NONNULL = YES;
				CLANG_ANALYZER_NUMBER_OBJECT_CONVERSION = YES_AGGRESSIVE;
				CLANG_CXX_LANGUAGE_STANDARD = "gnu++20";
				CLANG_ENABLE_MODULES = YES;
				CLANG_ENABLE_OBJC_ARC = YES;
				CLANG_ENABLE_OBJC_WEAK = YES;
				CLANG_WARN_BLOCK_CAPTURE_AUTORELEASING = YES;
				CLANG_WARN_BOOL_CONVERSION = YES;
				CLANG_WARN_COMMA = YES;
				CLANG_WARN_CONSTANT_CONVERSION = YES;
				CLANG_WARN_DEPRECATED_OBJC_IMPLEMENTATIONS = YES;
				CLANG_WARN_DIRECT_OBJC_ISA_USAGE = YES_ERROR;
				CLANG_WARN_DOCUMENTATION_COMMENTS = YES;
				CLANG_WARN_EMPTY_BODY = YES;
				CLANG_WARN_ENUM_CONVERSION = YES;
				CLANG_WARN_INFINITE_RECURSION = YES;
				CLANG_WARN_INT_CONVERSION = YES;
				CLANG_WARN_NON_LITERAL_NULL_CONVERSION = YES;
				CLANG_WARN_OBJC_IMPLICIT_RETAIN_SELF = YES;
				CLANG_WARN_OBJC_LITERAL_CONVERSION = YES;
				CLANG_WARN_OBJC_ROOT_CLASS = YES_ERROR;
				CLANG_WARN_QUOTED_INCLUDE_IN_FRAMEWORK_HEADER = YES;
				CLANG_WARN_RANGE_LOOP_ANALYSIS = YES;
				CLANG_WARN_STRICT_PROTOTYPES = YES;
				CLANG_WARN_SUSPICIOUS_MOVE = YES;
				CLANG_WARN_UNGUARDED_AVAILABILITY = YES_AGGRESSIVE;
				CLANG_WARN_UNREACHABLE_CODE = YES;
				CLANG_WARN__DUPLICATE_METHOD_MATCH = YES;
				COPY_PHASE_STRIP = NO;
				DEBUG_INFORMATION_FORMAT = "dwarf-with-dsym";
				ENABLE_NS_ASSERTIONS = NO;
				ENABLE_STRICT_OBJC_MSGSEND = YES;
				ENABLE_USER_SCRIPT_SANDBOXING = YES;
				GCC_C_LANGUAGE_STANDARD = gnu17;
				GCC_NO_COMMON_BLOCKS = YES;
				GCC_WARN_64_TO_32_BIT_CONVERSION = YES;
				GCC_WARN_ABOUT_RETURN_TYPE = YES_ERROR;
				GCC_WARN_UNDECLARED_SELECTOR = YES;
				GCC_WARN_UNINITIALIZED_AUTOS = YES_AGGRESSIVE;
				GCC_WARN_UNUSED_FUNCTION = YES;
				GCC_WARN_UNUSED_VARIABLE = YES;
				IPHONEOS_DEPLOYMENT_TARGET = 17.0;
				LOCALIZATION_PREFERS_STRING_CATALOGS = YES;
				MTL_ENABLE_DEBUG_INFO = NO;
				MTL_FAST_MATH = YES;
				SDKROOT = iphoneos;
				SWIFT_COMPILATION_MODE = wholemodule;
				VALIDATE_PRODUCT = YES;
			};
			name = Release;
		};
		53C124962C65BC07008FAD7D /* Debug */ = {
			isa = XCBuildConfiguration;
			buildSettings = {
				ASSETCATALOG_COMPILER_APPICON_NAME = AppIcon;
				ASSETCATALOG_COMPILER_GLOBAL_ACCENT_COLOR_NAME = AccentColor;
				CODE_SIGN_STYLE = Automatic;
				CURRENT_PROJECT_VERSION = 1;
				DEVELOPMENT_ASSET_PATHS = "\"Spotify_Demo/Preview Content\"";
				DEVELOPMENT_TEAM = MUVUP9LMMM;
				ENABLE_PREVIEWS = YES;
				GENERATE_INFOPLIST_FILE = YES;
				INFOPLIST_KEY_UIApplicationSceneManifest_Generation = YES;
				INFOPLIST_KEY_UIApplicationSupportsIndirectInputEvents = YES;
				INFOPLIST_KEY_UILaunchScreen_Generation = YES;
				INFOPLIST_KEY_UISupportedInterfaceOrientations_iPad = "UIInterfaceOrientationPortrait UIInterfaceOrientationPortraitUpsideDown UIInterfaceOrientationLandscapeLeft UIInterfaceOrientationLandscapeRight";
				INFOPLIST_KEY_UISupportedInterfaceOrientations_iPhone = "UIInterfaceOrientationPortrait UIInterfaceOrientationLandscapeLeft UIInterfaceOrientationLandscapeRight";
				LD_RUNPATH_SEARCH_PATHS = (
					"$(inherited)",
					"@executable_path/Frameworks",
				);
				MARKETING_VERSION = 1.0;
				PRODUCT_BUNDLE_IDENTIFIER = "test.com.Spotify-Demo";
				PRODUCT_NAME = "$(TARGET_NAME)";
				SWIFT_EMIT_LOC_STRINGS = YES;
				SWIFT_VERSION = 5.0;
				TARGETED_DEVICE_FAMILY = "1,2";
			};
			name = Debug;
		};
		53C124972C65BC07008FAD7D /* Release */ = {
			isa = XCBuildConfiguration;
			buildSettings = {
				ASSETCATALOG_COMPILER_APPICON_NAME = AppIcon;
				ASSETCATALOG_COMPILER_GLOBAL_ACCENT_COLOR_NAME = AccentColor;
				CODE_SIGN_STYLE = Automatic;
				CURRENT_PROJECT_VERSION = 1;
				DEVELOPMENT_ASSET_PATHS = "\"Spotify_Demo/Preview Content\"";
				DEVELOPMENT_TEAM = MUVUP9LMMM;
				ENABLE_PREVIEWS = YES;
				GENERATE_INFOPLIST_FILE = YES;
				INFOPLIST_KEY_UIApplicationSceneManifest_Generation = YES;
				INFOPLIST_KEY_UIApplicationSupportsIndirectInputEvents = YES;
				INFOPLIST_KEY_UILaunchScreen_Generation = YES;
				INFOPLIST_KEY_UISupportedInterfaceOrientations_iPad = "UIInterfaceOrientationPortrait UIInterfaceOrientationPortraitUpsideDown UIInterfaceOrientationLandscapeLeft UIInterfaceOrientationLandscapeRight";
				INFOPLIST_KEY_UISupportedInterfaceOrientations_iPhone = "UIInterfaceOrientationPortrait UIInterfaceOrientationLandscapeLeft UIInterfaceOrientationLandscapeRight";
				LD_RUNPATH_SEARCH_PATHS = (
					"$(inherited)",
					"@executable_path/Frameworks",
				);
				MARKETING_VERSION = 1.0;
				PRODUCT_BUNDLE_IDENTIFIER = "test.com.Spotify-Demo";
				PRODUCT_NAME = "$(TARGET_NAME)";
				SWIFT_EMIT_LOC_STRINGS = YES;
				SWIFT_VERSION = 5.0;
				TARGETED_DEVICE_FAMILY = "1,2";
			};
			name = Release;
		};
		53C124992C65BC07008FAD7D /* Debug */ = {
			isa = XCBuildConfiguration;
			buildSettings = {
				ALWAYS_EMBED_SWIFT_STANDARD_LIBRARIES = YES;
				BUNDLE_LOADER = "$(TEST_HOST)";
				CODE_SIGN_STYLE = Automatic;
				CURRENT_PROJECT_VERSION = 1;
				DEVELOPMENT_TEAM = MUVUP9LMMM;
				GENERATE_INFOPLIST_FILE = YES;
				IPHONEOS_DEPLOYMENT_TARGET = 17.0;
				MARKETING_VERSION = 1.0;
				PRODUCT_BUNDLE_IDENTIFIER = "test.com.Spotify-DemoTests";
				PRODUCT_NAME = "$(TARGET_NAME)";
				SWIFT_EMIT_LOC_STRINGS = NO;
				SWIFT_VERSION = 5.0;
				TARGETED_DEVICE_FAMILY = "1,2";
				TEST_HOST = "$(BUILT_PRODUCTS_DIR)/Spotify_Demo.app/$(BUNDLE_EXECUTABLE_FOLDER_PATH)/Spotify_Demo";
			};
			name = Debug;
		};
		53C1249A2C65BC07008FAD7D /* Release */ = {
			isa = XCBuildConfiguration;
			buildSettings = {
				ALWAYS_EMBED_SWIFT_STANDARD_LIBRARIES = YES;
				BUNDLE_LOADER = "$(TEST_HOST)";
				CODE_SIGN_STYLE = Automatic;
				CURRENT_PROJECT_VERSION = 1;
				DEVELOPMENT_TEAM = MUVUP9LMMM;
				GENERATE_INFOPLIST_FILE = YES;
				IPHONEOS_DEPLOYMENT_TARGET = 17.0;
				MARKETING_VERSION = 1.0;
				PRODUCT_BUNDLE_IDENTIFIER = "test.com.Spotify-DemoTests";
				PRODUCT_NAME = "$(TARGET_NAME)";
				SWIFT_EMIT_LOC_STRINGS = NO;
				SWIFT_VERSION = 5.0;
				TARGETED_DEVICE_FAMILY = "1,2";
				TEST_HOST = "$(BUILT_PRODUCTS_DIR)/Spotify_Demo.app/$(BUNDLE_EXECUTABLE_FOLDER_PATH)/Spotify_Demo";
			};
			name = Release;
		};
		53C1249C2C65BC07008FAD7D /* Debug */ = {
			isa = XCBuildConfiguration;
			buildSettings = {
				ALWAYS_EMBED_SWIFT_STANDARD_LIBRARIES = YES;
				CODE_SIGN_STYLE = Automatic;
				CURRENT_PROJECT_VERSION = 1;
				DEVELOPMENT_TEAM = MUVUP9LMMM;
				GENERATE_INFOPLIST_FILE = YES;
				MARKETING_VERSION = 1.0;
				PRODUCT_BUNDLE_IDENTIFIER = "test.com.Spotify-DemoUITests";
				PRODUCT_NAME = "$(TARGET_NAME)";
				SWIFT_EMIT_LOC_STRINGS = NO;
				SWIFT_VERSION = 5.0;
				TARGETED_DEVICE_FAMILY = "1,2";
				TEST_TARGET_NAME = Spotify_Demo;
			};
			name = Debug;
		};
		53C1249D2C65BC07008FAD7D /* Release */ = {
			isa = XCBuildConfiguration;
			buildSettings = {
				ALWAYS_EMBED_SWIFT_STANDARD_LIBRARIES = YES;
				CODE_SIGN_STYLE = Automatic;
				CURRENT_PROJECT_VERSION = 1;
				DEVELOPMENT_TEAM = MUVUP9LMMM;
				GENERATE_INFOPLIST_FILE = YES;
				MARKETING_VERSION = 1.0;
				PRODUCT_BUNDLE_IDENTIFIER = "test.com.Spotify-DemoUITests";
				PRODUCT_NAME = "$(TARGET_NAME)";
				SWIFT_EMIT_LOC_STRINGS = NO;
				SWIFT_VERSION = 5.0;
				TARGETED_DEVICE_FAMILY = "1,2";
				TEST_TARGET_NAME = Spotify_Demo;
			};
			name = Release;
		};
/* End XCBuildConfiguration section */

/* Begin XCConfigurationList section */
		53C1246C2C65BC06008FAD7D /* Build configuration list for PBXProject "Spotify_Demo" */ = {
			isa = XCConfigurationList;
			buildConfigurations = (
				53C124932C65BC07008FAD7D /* Debug */,
				53C124942C65BC07008FAD7D /* Release */,
			);
			defaultConfigurationIsVisible = 0;
			defaultConfigurationName = Release;
		};
		53C124952C65BC07008FAD7D /* Build configuration list for PBXNativeTarget "Spotify_Demo" */ = {
			isa = XCConfigurationList;
			buildConfigurations = (
				53C124962C65BC07008FAD7D /* Debug */,
				53C124972C65BC07008FAD7D /* Release */,
			);
			defaultConfigurationIsVisible = 0;
			defaultConfigurationName = Release;
		};
		53C124982C65BC07008FAD7D /* Build configuration list for PBXNativeTarget "Spotify_DemoTests" */ = {
			isa = XCConfigurationList;
			buildConfigurations = (
				53C124992C65BC07008FAD7D /* Debug */,
				53C1249A2C65BC07008FAD7D /* Release */,
			);
			defaultConfigurationIsVisible = 0;
			defaultConfigurationName = Release;
		};
		53C1249B2C65BC07008FAD7D /* Build configuration list for PBXNativeTarget "Spotify_DemoUITests" */ = {
			isa = XCConfigurationList;
			buildConfigurations = (
				53C1249C2C65BC07008FAD7D /* Debug */,
				53C1249D2C65BC07008FAD7D /* Release */,
			);
			defaultConfigurationIsVisible = 0;
			defaultConfigurationName = Release;
		};
/* End XCConfigurationList section */

/* Begin XCRemoteSwiftPackageReference section */
		53C1249E2C65C024008FAD7D /* XCRemoteSwiftPackageReference "SDWebImageSwiftUI" */ = {
			isa = XCRemoteSwiftPackageReference;
			repositoryURL = "https://github.com/SDWebImage/SDWebImageSwiftUI.git";
			requirement = {
				kind = upToNextMajorVersion;
				minimumVersion = 3.1.1;
			};
		};
/* End XCRemoteSwiftPackageReference section */

/* Begin XCSwiftPackageProductDependency section */
		53C1249F2C65C024008FAD7D /* SDWebImageSwiftUI */ = {
			isa = XCSwiftPackageProductDependency;
			package = 53C1249E2C65C024008FAD7D /* XCRemoteSwiftPackageReference "SDWebImageSwiftUI" */;
			productName = SDWebImageSwiftUI;
		};
/* End XCSwiftPackageProductDependency section */
	};
	rootObject = 53C124692C65BC06008FAD7D /* Project object */;
}
